
Microsoft Visual Studio Solution File, Format Version 12.00
Project("{FAE04EC0-301F-11D3-BF4B-00C04F79EFBC}") = "TelegramBot", "TelegramBot\TelegramBot.csproj", "{1655A9E0-4DF6-48C3-9D82-C1C84E46952B}"
EndProject
Project("{2150E333-8FDC-42A3-9474-1A3956D46DE8}") = "Solution Items", "Solution Items", "{4481FBB7-73CE-4212-9783-49921B26B6B5}"
	ProjectSection(SolutionItems) = preProject
		compose.yaml = compose.yaml
	EndProjectSection
EndProject
Project("{FAE04EC0-301F-11D3-BF4B-00C04F79EFBC}") = "Database", "Database\Database.csproj", "{111B7E27-399F-4CE0-A3B2-8EEEAE983F0B}"
EndProject
Project("{FAE04EC0-301F-11D3-BF4B-00C04F79EFBC}") = "Transcription", "Transcription\Transcription.csproj", "{98F1ACB6-C673-48A0-A4F7-ED506F90BC51}"
EndProject
Global
	GlobalSection(SolutionConfigurationPlatforms) = preSolution
		Debug|Any CPU = Debug|Any CPU
		Release|Any CPU = Release|Any CPU
	EndGlobalSection
	GlobalSection(ProjectConfigurationPlatforms) = postSolution
		{1655A9E0-4DF6-48C3-9D82-C1C84E46952B}.Debug|Any CPU.ActiveCfg = Debug|Any CPU
		{1655A9E0-4DF6-48C3-9D82-C1C84E46952B}.Debug|Any CPU.Build.0 = Debug|Any CPU
		{1655A9E0-4DF6-48C3-9D82-C1C84E46952B}.Release|Any CPU.ActiveCfg = Release|Any CPU
		{1655A9E0-4DF6-48C3-9D82-C1C84E46952B}.Release|Any CPU.Build.0 = Release|Any CPU
		{111B7E27-399F-4CE0-A3B2-8EEEAE983F0B}.Debug|Any CPU.ActiveCfg = Debug|Any CPU
		{111B7E27-399F-4CE0-A3B2-8EEEAE983F0B}.Debug|Any CPU.Build.0 = Debug|Any CPU
		{111B7E27-399F-4CE0-A3B2-8EEEAE983F0B}.Release|Any CPU.ActiveCfg = Release|Any CPU
		{111B7E27-399F-4CE0-A3B2-8EEEAE983F0B}.Release|Any CPU.Build.0 = Release|Any CPU
		{98F1ACB6-C673-48A0-A4F7-ED506F90BC51}.Debug|Any CPU.ActiveCfg = Debug|Any CPU
		{98F1ACB6-C673-48A0-A4F7-ED506F90BC51}.Debug|Any CPU.Build.0 = Debug|Any CPU
		{98F1ACB6-C673-48A0-A4F7-ED506F90BC51}.Release|Any CPU.ActiveCfg = Release|Any CPU
		{98F1ACB6-C673-48A0-A4F7-ED506F90BC51}.Release|Any CPU.Build.0 = Release|Any CPU
	EndGlobalSection
EndGlobal
